
Microsoft Visual Studio Solution File, Format Version 12.00
# Visual Studio Version 17
VisualStudioVersion = 17.1.32228.430
MinimumVisualStudioVersion = 10.0.40219.1
Project("{FAE04EC0-301F-11D3-BF4B-00C04F79EFBC}") = "lv2_2bzadaca", "lv2_2bzadaca\lv2_2bzadaca.csproj", "{73CC15B2-AA06-4AF7-A432-B1D1A7556648}"
EndProject
Global
	GlobalSection(SolutionConfigurationPlatforms) = preSolution
		Debug|Any CPU = Debug|Any CPU
		Release|Any CPU = Release|Any CPU
	EndGlobalSection
	GlobalSection(ProjectConfigurationPlatforms) = postSolution
		{73CC15B2-AA06-4AF7-A432-B1D1A7556648}.Debug|Any CPU.ActiveCfg = Debug|Any CPU
		{73CC15B2-AA06-4AF7-A432-B1D1A7556648}.Debug|Any CPU.Build.0 = Debug|Any CPU
		{73CC15B2-AA06-4AF7-A432-B1D1A7556648}.Release|Any CPU.ActiveCfg = Release|Any CPU
		{73CC15B2-AA06-4AF7-A432-B1D1A7556648}.Release|Any CPU.Build.0 = Release|Any CPU
	EndGlobalSection
	GlobalSection(SolutionProperties) = preSolution
		HideSolutionNode = FALSE
	EndGlobalSection
	GlobalSection(ExtensibilityGlobals) = postSolution
		SolutionGuid = {9815BC54-59DA-42CB-BB1E-EFF86EE282EF}
	EndGlobalSection
EndGlobal
